// !$*UTF8*$!
{
	archiveVersion = 1;
	classes = {
	};
	objectVersion = 46;
	objects = {

/* Begin PBXBuildFile section */
		650B1764198D405000CF0EEA /* SpaceImageViewController.m in Sources */ = {isa = PBXBuildFile; fileRef = 650B1763198D405000CF0EEA /* SpaceImageViewController.m */; };
		6525AF5C198B37F200DCFA71 /* Earth.jpg in Resources */ = {isa = PBXBuildFile; fileRef = 6525AF52198B37F200DCFA71 /* Earth.jpg */; };
		6525AF5D198B37F200DCFA71 /* EinsteinRing.jpg in Resources */ = {isa = PBXBuildFile; fileRef = 6525AF53198B37F200DCFA71 /* EinsteinRing.jpg */; };
		6525AF5E198B37F200DCFA71 /* Jupiter.jpg in Resources */ = {isa = PBXBuildFile; fileRef = 6525AF54198B37F200DCFA71 /* Jupiter.jpg */; };
		6525AF5F198B37F200DCFA71 /* Mars.jpg in Resources */ = {isa = PBXBuildFile; fileRef = 6525AF55198B37F200DCFA71 /* Mars.jpg */; };
		6525AF60198B37F200DCFA71 /* Mercury.jpg in Resources */ = {isa = PBXBuildFile; fileRef = 6525AF56198B37F200DCFA71 /* Mercury.jpg */; };
		6525AF61198B37F200DCFA71 /* Neptune.jpg in Resources */ = {isa = PBXBuildFile; fileRef = 6525AF57198B37F200DCFA71 /* Neptune.jpg */; };
		6525AF62198B37F200DCFA71 /* Orion.jpg in Resources */ = {isa = PBXBuildFile; fileRef = 6525AF58198B37F200DCFA71 /* Orion.jpg */; };
		6525AF63198B37F200DCFA71 /* Saturn.jpg in Resources */ = {isa = PBXBuildFile; fileRef = 6525AF59198B37F200DCFA71 /* Saturn.jpg */; };
		6525AF64198B37F200DCFA71 /* Uranus.jpg in Resources */ = {isa = PBXBuildFile; fileRef = 6525AF5A198B37F200DCFA71 /* Uranus.jpg */; };
		6525AF65198B37F200DCFA71 /* Venus.jpg in Resources */ = {isa = PBXBuildFile; fileRef = 6525AF5B198B37F200DCFA71 /* Venus.jpg */; };
		6525AF68198B381D00DCFA71 /* SpaceObject.m in Sources */ = {isa = PBXBuildFile; fileRef = 6525AF67198B381D00DCFA71 /* SpaceObject.m */; };
		656AFD1B19897A19000FBF37 /* main.m in Sources */ = {isa = PBXBuildFile; fileRef = 656AFD1A19897A19000FBF37 /* main.m */; };
		656AFD1E19897A19000FBF37 /* AppDelegate.m in Sources */ = {isa = PBXBuildFile; fileRef = 656AFD1D19897A19000FBF37 /* AppDelegate.m */; };
		656AFD2119897A19000FBF37 /* Out_of_this_World.xcdatamodeld in Sources */ = {isa = PBXBuildFile; fileRef = 656AFD1F19897A19000FBF37 /* Out_of_this_World.xcdatamodeld */; };
		656AFD2719897A19000FBF37 /* Main.storyboard in Resources */ = {isa = PBXBuildFile; fileRef = 656AFD2519897A19000FBF37 /* Main.storyboard */; };
		656AFD2919897A19000FBF37 /* Images.xcassets in Resources */ = {isa = PBXBuildFile; fileRef = 656AFD2819897A19000FBF37 /* Images.xcassets */; };
		656AFD3519897A1A000FBF37 /* Out_of_this_WorldTests.m in Sources */ = {isa = PBXBuildFile; fileRef = 656AFD3419897A1A000FBF37 /* Out_of_this_WorldTests.m */; };
		656AFD4019897BA2000FBF37 /* OutSpaceTableViewController.m in Sources */ = {isa = PBXBuildFile; fileRef = 656AFD3F19897BA2000FBF37 /* OutSpaceTableViewController.m */; };
		658628FF1989B7FC0086D0E8 /* AstronomicalData.m in Sources */ = {isa = PBXBuildFile; fileRef = 658628FE1989B7FC0086D0E8 /* AstronomicalData.m */; };
/* End PBXBuildFile section */

/* Begin PBXContainerItemProxy section */
		656AFD2F19897A1A000FBF37 /* PBXContainerItemProxy */ = {
			isa = PBXContainerItemProxy;
			containerPortal = 656AFD0D19897A19000FBF37 /* Project object */;
			proxyType = 1;
			remoteGlobalIDString = 656AFD1419897A19000FBF37;
			remoteInfo = "Out of this World";
		};
/* End PBXContainerItemProxy section */

/* Begin PBXFileReference section */
		650B1762198D405000CF0EEA /* SpaceImageViewController.h */ = {isa = PBXFileReference; fileEncoding = 4; lastKnownFileType = sourcecode.c.h; path = SpaceImageViewController.h; sourceTree = "<group>"; };
		650B1763198D405000CF0EEA /* SpaceImageViewController.m */ = {isa = PBXFileReference; fileEncoding = 4; lastKnownFileType = sourcecode.c.objc; path = SpaceImageViewController.m; sourceTree = "<group>"; };
		6525AF52198B37F200DCFA71 /* Earth.jpg */ = {isa = PBXFileReference; lastKnownFileType = image.jpeg; path = Earth.jpg; sourceTree = "<group>"; };
		6525AF53198B37F200DCFA71 /* EinsteinRing.jpg */ = {isa = PBXFileReference; lastKnownFileType = image.jpeg; path = EinsteinRing.jpg; sourceTree = "<group>"; };
		6525AF54198B37F200DCFA71 /* Jupiter.jpg */ = {isa = PBXFileReference; lastKnownFileType = image.jpeg; path = Jupiter.jpg; sourceTree = "<group>"; };
		6525AF55198B37F200DCFA71 /* Mars.jpg */ = {isa = PBXFileReference; lastKnownFileType = image.jpeg; path = Mars.jpg; sourceTree = "<group>"; };
		6525AF56198B37F200DCFA71 /* Mercury.jpg */ = {isa = PBXFileReference; lastKnownFileType = image.jpeg; path = Mercury.jpg; sourceTree = "<group>"; };
		6525AF57198B37F200DCFA71 /* Neptune.jpg */ = {isa = PBXFileReference; lastKnownFileType = image.jpeg; path = Neptune.jpg; sourceTree = "<group>"; };
		6525AF58198B37F200DCFA71 /* Orion.jpg */ = {isa = PBXFileReference; lastKnownFileType = image.jpeg; path = Orion.jpg; sourceTree = "<group>"; };
		6525AF59198B37F200DCFA71 /* Saturn.jpg */ = {isa = PBXFileReference; lastKnownFileType = image.jpeg; path = Saturn.jpg; sourceTree = "<group>"; };
		6525AF5A198B37F200DCFA71 /* Uranus.jpg */ = {isa = PBXFileReference; lastKnownFileType = image.jpeg; path = Uranus.jpg; sourceTree = "<group>"; };
		6525AF5B198B37F200DCFA71 /* Venus.jpg */ = {isa = PBXFileReference; lastKnownFileType = image.jpeg; path = Venus.jpg; sourceTree = "<group>"; };
		6525AF66198B381D00DCFA71 /* SpaceObject.h */ = {isa = PBXFileReference; fileEncoding = 4; lastKnownFileType = sourcecode.c.h; path = SpaceObject.h; sourceTree = "<group>"; };
		6525AF67198B381D00DCFA71 /* SpaceObject.m */ = {isa = PBXFileReference; fileEncoding = 4; lastKnownFileType = sourcecode.c.objc; path = SpaceObject.m; sourceTree = "<group>"; };
		656AFD1519897A19000FBF37 /* Out of this World.app */ = {isa = PBXFileReference; explicitFileType = wrapper.application; includeInIndex = 0; path = "Out of this World.app"; sourceTree = BUILT_PRODUCTS_DIR; };
		656AFD1919897A19000FBF37 /* Info.plist */ = {isa = PBXFileReference; lastKnownFileType = text.plist.xml; path = Info.plist; sourceTree = "<group>"; };
		656AFD1A19897A19000FBF37 /* main.m */ = {isa = PBXFileReference; lastKnownFileType = sourcecode.c.objc; path = main.m; sourceTree = "<group>"; };
		656AFD1C19897A19000FBF37 /* AppDelegate.h */ = {isa = PBXFileReference; lastKnownFileType = sourcecode.c.h; path = AppDelegate.h; sourceTree = "<group>"; };
		656AFD1D19897A19000FBF37 /* AppDelegate.m */ = {isa = PBXFileReference; lastKnownFileType = sourcecode.c.objc; path = AppDelegate.m; sourceTree = "<group>"; };
		656AFD2019897A19000FBF37 /* Out_of_this_World.xcdatamodel */ = {isa = PBXFileReference; lastKnownFileType = wrapper.xcdatamodel; path = Out_of_this_World.xcdatamodel; sourceTree = "<group>"; };
		656AFD2619897A19000FBF37 /* Base */ = {isa = PBXFileReference; lastKnownFileType = file.storyboard; name = Base; path = Base.lproj/Main.storyboard; sourceTree = "<group>"; };
		656AFD2819897A19000FBF37 /* Images.xcassets */ = {isa = PBXFileReference; lastKnownFileType = folder.assetcatalog; path = Images.xcassets; sourceTree = "<group>"; };
		656AFD2E19897A1A000FBF37 /* Out of this WorldTests.xctest */ = {isa = PBXFileReference; explicitFileType = wrapper.cfbundle; includeInIndex = 0; path = "Out of this WorldTests.xctest"; sourceTree = BUILT_PRODUCTS_DIR; };
		656AFD3319897A1A000FBF37 /* Info.plist */ = {isa = PBXFileReference; lastKnownFileType = text.plist.xml; path = Info.plist; sourceTree = "<group>"; };
		656AFD3419897A1A000FBF37 /* Out_of_this_WorldTests.m */ = {isa = PBXFileReference; lastKnownFileType = sourcecode.c.objc; path = Out_of_this_WorldTests.m; sourceTree = "<group>"; };
		656AFD3E19897BA2000FBF37 /* OutSpaceTableViewController.h */ = {isa = PBXFileReference; fileEncoding = 4; lastKnownFileType = sourcecode.c.h; name = OutSpaceTableViewController.h; path = ../OutSpaceTableViewController.h; sourceTree = "<group>"; };
		656AFD3F19897BA2000FBF37 /* OutSpaceTableViewController.m */ = {isa = PBXFileReference; fileEncoding = 4; lastKnownFileType = sourcecode.c.objc; name = OutSpaceTableViewController.m; path = ../OutSpaceTableViewController.m; sourceTree = "<group>"; };
		658628FD1989B7FC0086D0E8 /* AstronomicalData.h */ = {isa = PBXFileReference; fileEncoding = 4; lastKnownFileType = sourcecode.c.h; path = AstronomicalData.h; sourceTree = "<group>"; };
		658628FE1989B7FC0086D0E8 /* AstronomicalData.m */ = {isa = PBXFileReference; fileEncoding = 4; lastKnownFileType = sourcecode.c.objc; path = AstronomicalData.m; sourceTree = "<group>"; };
/* End PBXFileReference section */

/* Begin PBXFrameworksBuildPhase section */
		656AFD1219897A19000FBF37 /* Frameworks */ = {
			isa = PBXFrameworksBuildPhase;
			buildActionMask = 2147483647;
			files = (
			);
			runOnlyForDeploymentPostprocessing = 0;
		};
		656AFD2B19897A1A000FBF37 /* Frameworks */ = {
			isa = PBXFrameworksBuildPhase;
			buildActionMask = 2147483647;
			files = (
			);
			runOnlyForDeploymentPostprocessing = 0;
		};
/* End PBXFrameworksBuildPhase section */

/* Begin PBXGroup section */
		6525AF51198B37F200DCFA71 /* planet-images */ = {
			isa = PBXGroup;
			children = (
				6525AF52198B37F200DCFA71 /* Earth.jpg */,
				6525AF53198B37F200DCFA71 /* EinsteinRing.jpg */,
				6525AF54198B37F200DCFA71 /* Jupiter.jpg */,
				6525AF55198B37F200DCFA71 /* Mars.jpg */,
				6525AF56198B37F200DCFA71 /* Mercury.jpg */,
				6525AF57198B37F200DCFA71 /* Neptune.jpg */,
				6525AF58198B37F200DCFA71 /* Orion.jpg */,
				6525AF59198B37F200DCFA71 /* Saturn.jpg */,
				6525AF5A198B37F200DCFA71 /* Uranus.jpg */,
				6525AF5B198B37F200DCFA71 /* Venus.jpg */,
			);
			path = "planet-images";
			sourceTree = "<group>";
		};
		656AFD0C19897A19000FBF37 = {
			isa = PBXGroup;
			children = (
				656AFD1719897A19000FBF37 /* Out of this World */,
				656AFD3119897A1A000FBF37 /* Out of this WorldTests */,
				656AFD1619897A19000FBF37 /* Products */,
			);
			sourceTree = "<group>";
		};
		656AFD1619897A19000FBF37 /* Products */ = {
			isa = PBXGroup;
			children = (
				656AFD1519897A19000FBF37 /* Out of this World.app */,
				656AFD2E19897A1A000FBF37 /* Out of this WorldTests.xctest */,
			);
			name = Products;
			sourceTree = "<group>";
		};
		656AFD1719897A19000FBF37 /* Out of this World */ = {
			isa = PBXGroup;
			children = (
				656AFD1C19897A19000FBF37 /* AppDelegate.h */,
				656AFD1D19897A19000FBF37 /* AppDelegate.m */,
				656AFD3E19897BA2000FBF37 /* OutSpaceTableViewController.h */,
				656AFD3F19897BA2000FBF37 /* OutSpaceTableViewController.m */,
				6525AF66198B381D00DCFA71 /* SpaceObject.h */,
				6525AF67198B381D00DCFA71 /* SpaceObject.m */,
				656AFD2519897A19000FBF37 /* Main.storyboard */,
				650B1762198D405000CF0EEA /* SpaceImageViewController.h */,
				650B1763198D405000CF0EEA /* SpaceImageViewController.m */,
				656AFD2819897A19000FBF37 /* Images.xcassets */,
				656AFD1F19897A19000FBF37 /* Out_of_this_World.xcdatamodeld */,
				656AFD1819897A19000FBF37 /* Supporting Files */,
			);
			path = "Out of this World";
			sourceTree = "<group>";
		};
		656AFD1819897A19000FBF37 /* Supporting Files */ = {
			isa = PBXGroup;
			children = (
				658628FE1989B7FC0086D0E8 /* AstronomicalData.m */,
				658628FD1989B7FC0086D0E8 /* AstronomicalData.h */,
				6525AF51198B37F200DCFA71 /* planet-images */,
				656AFD1919897A19000FBF37 /* Info.plist */,
				656AFD1A19897A19000FBF37 /* main.m */,
			);
			name = "Supporting Files";
			sourceTree = "<group>";
		};
		656AFD3119897A1A000FBF37 /* Out of this WorldTests */ = {
			isa = PBXGroup;
			children = (
				656AFD3419897A1A000FBF37 /* Out_of_this_WorldTests.m */,
				656AFD3219897A1A000FBF37 /* Supporting Files */,
			);
			path = "Out of this WorldTests";
			sourceTree = "<group>";
		};
		656AFD3219897A1A000FBF37 /* Supporting Files */ = {
			isa = PBXGroup;
			children = (
				656AFD3319897A1A000FBF37 /* Info.plist */,
			);
			name = "Supporting Files";
			sourceTree = "<group>";
		};
/* End PBXGroup section */

/* Begin PBXNativeTarget section */
		656AFD1419897A19000FBF37 /* Out of this World */ = {
			isa = PBXNativeTarget;
			buildConfigurationList = 656AFD3819897A1A000FBF37 /* Build configuration list for PBXNativeTarget "Out of this World" */;
			buildPhases = (
				656AFD1119897A19000FBF37 /* Sources */,
				656AFD1219897A19000FBF37 /* Frameworks */,
				656AFD1319897A19000FBF37 /* Resources */,
			);
			buildRules = (
			);
			dependencies = (
			);
			name = "Out of this World";
			productName = "Out of this World";
			productReference = 656AFD1519897A19000FBF37 /* Out of this World.app */;
			productType = "com.apple.product-type.application";
		};
		656AFD2D19897A1A000FBF37 /* Out of this WorldTests */ = {
			isa = PBXNativeTarget;
			buildConfigurationList = 656AFD3B19897A1A000FBF37 /* Build configuration list for PBXNativeTarget "Out of this WorldTests" */;
			buildPhases = (
				656AFD2A19897A1A000FBF37 /* Sources */,
				656AFD2B19897A1A000FBF37 /* Frameworks */,
				656AFD2C19897A1A000FBF37 /* Resources */,
			);
			buildRules = (
			);
			dependencies = (
				656AFD3019897A1A000FBF37 /* PBXTargetDependency */,
			);
			name = "Out of this WorldTests";
			productName = "Out of this WorldTests";
			productReference = 656AFD2E19897A1A000FBF37 /* Out of this WorldTests.xctest */;
			productType = "com.apple.product-type.bundle.unit-test";
		};
/* End PBXNativeTarget section */

/* Begin PBXProject section */
		656AFD0D19897A19000FBF37 /* Project object */ = {
			isa = PBXProject;
			attributes = {
				LastUpgradeCheck = 0600;
				ORGANIZATIONNAME = "Daniel Pratt";
				TargetAttributes = {
					656AFD1419897A19000FBF37 = {
						CreatedOnToolsVersion = 6.0;
						DevelopmentTeam = ZJ769HHQS2;
					};
					656AFD2D19897A1A000FBF37 = {
						CreatedOnToolsVersion = 6.0;
						TestTargetID = 656AFD1419897A19000FBF37;
					};
				};
			};
			buildConfigurationList = 656AFD1019897A19000FBF37 /* Build configuration list for PBXProject "Out of this World" */;
			compatibilityVersion = "Xcode 3.2";
			developmentRegion = English;
			hasScannedForEncodings = 0;
			knownRegions = (
				en,
				Base,
			);
			mainGroup = 656AFD0C19897A19000FBF37;
			productRefGroup = 656AFD1619897A19000FBF37 /* Products */;
			projectDirPath = "";
			projectRoot = "";
			targets = (
				656AFD1419897A19000FBF37 /* Out of this World */,
				656AFD2D19897A1A000FBF37 /* Out of this WorldTests */,
			);
		};
/* End PBXProject section */

/* Begin PBXResourcesBuildPhase section */
		656AFD1319897A19000FBF37 /* Resources */ = {
			isa = PBXResourcesBuildPhase;
			buildActionMask = 2147483647;
			files = (
				6525AF5C198B37F200DCFA71 /* Earth.jpg in Resources */,
				6525AF61198B37F200DCFA71 /* Neptune.jpg in Resources */,
				6525AF63198B37F200DCFA71 /* Saturn.jpg in Resources */,
				656AFD2719897A19000FBF37 /* Main.storyboard in Resources */,
				6525AF5F198B37F200DCFA71 /* Mars.jpg in Resources */,
				6525AF65198B37F200DCFA71 /* Venus.jpg in Resources */,
				6525AF5D198B37F200DCFA71 /* EinsteinRing.jpg in Resources */,
				6525AF62198B37F200DCFA71 /* Orion.jpg in Resources */,
				6525AF64198B37F200DCFA71 /* Uranus.jpg in Resources */,
				6525AF5E198B37F200DCFA71 /* Jupiter.jpg in Resources */,
				656AFD2919897A19000FBF37 /* Images.xcassets in Resources */,
				6525AF60198B37F200DCFA71 /* Mercury.jpg in Resources */,
			);
			runOnlyForDeploymentPostprocessing = 0;
		};
		656AFD2C19897A1A000FBF37 /* Resources */ = {
			isa = PBXResourcesBuildPhase;
			buildActionMask = 2147483647;
			files = (
			);
			runOnlyForDeploymentPostprocessing = 0;
		};
/* End PBXResourcesBuildPhase section */

/* Begin PBXSourcesBuildPhase section */
		656AFD1119897A19000FBF37 /* Sources */ = {
			isa = PBXSourcesBuildPhase;
			buildActionMask = 2147483647;
			files = (
				658628FF1989B7FC0086D0E8 /* AstronomicalData.m in Sources */,
				6525AF68198B381D00DCFA71 /* SpaceObject.m in Sources */,
				650B1764198D405000CF0EEA /* SpaceImageViewController.m in Sources */,
				656AFD1E19897A19000FBF37 /* AppDelegate.m in Sources */,
				656AFD2119897A19000FBF37 /* Out_of_this_World.xcdatamodeld in Sources */,
				656AFD1B19897A19000FBF37 /* main.m in Sources */,
				656AFD4019897BA2000FBF37 /* OutSpaceTableViewController.m in Sources */,
			);
			runOnlyForDeploymentPostprocessing = 0;
		};
		656AFD2A19897A1A000FBF37 /* Sources */ = {
			isa = PBXSourcesBuildPhase;
			buildActionMask = 2147483647;
			files = (
				656AFD3519897A1A000FBF37 /* Out_of_this_WorldTests.m in Sources */,
			);
			runOnlyForDeploymentPostprocessing = 0;
		};
/* End PBXSourcesBuildPhase section */

/* Begin PBXTargetDependency section */
		656AFD3019897A1A000FBF37 /* PBXTargetDependency */ = {
			isa = PBXTargetDependency;
			target = 656AFD1419897A19000FBF37 /* Out of this World */;
			targetProxy = 656AFD2F19897A1A000FBF37 /* PBXContainerItemProxy */;
		};
/* End PBXTargetDependency section */

/* Begin PBXVariantGroup section */
		656AFD2519897A19000FBF37 /* Main.storyboard */ = {
			isa = PBXVariantGroup;
			children = (
				656AFD2619897A19000FBF37 /* Base */,
			);
			name = Main.storyboard;
			sourceTree = "<group>";
		};
/* End PBXVariantGroup section */

/* Begin XCBuildConfiguration section */
		656AFD3619897A1A000FBF37 /* Debug */ = {
			isa = XCBuildConfiguration;
			buildSettings = {
				ALWAYS_SEARCH_USER_PATHS = NO;
				CLANG_CXX_LANGUAGE_STANDARD = "gnu++0x";
				CLANG_CXX_LIBRARY = "libc++";
				CLANG_ENABLE_MODULES = YES;
				CLANG_ENABLE_OBJC_ARC = YES;
				CLANG_WARN_BOOL_CONVERSION = YES;
				CLANG_WARN_CONSTANT_CONVERSION = YES;
				CLANG_WARN_DIRECT_OBJC_ISA_USAGE = YES_ERROR;
				CLANG_WARN_EMPTY_BODY = YES;
				CLANG_WARN_ENUM_CONVERSION = YES;
				CLANG_WARN_INT_CONVERSION = YES;
				CLANG_WARN_OBJC_ROOT_CLASS = YES_ERROR;
				CLANG_WARN_UNREACHABLE_CODE = YES;
				CLANG_WARN__DUPLICATE_METHOD_MATCH = YES;
				"CODE_SIGN_IDENTITY[sdk=iphoneos*]" = "iPhone Developer";
				COPY_PHASE_STRIP = NO;
				ENABLE_STRICT_OBJC_MSGSEND = YES;
				GCC_C_LANGUAGE_STANDARD = gnu99;
				GCC_DYNAMIC_NO_PIC = NO;
				GCC_OPTIMIZATION_LEVEL = 0;
				GCC_PREPROCESSOR_DEFINITIONS = (
					"DEBUG=1",
					"$(inherited)",
				);
				GCC_SYMBOLS_PRIVATE_EXTERN = NO;
				GCC_WARN_64_TO_32_BIT_CONVERSION = YES;
				GCC_WARN_ABOUT_RETURN_TYPE = YES_ERROR;
				GCC_WARN_UNDECLARED_SELECTOR = YES;
				GCC_WARN_UNINITIALIZED_AUTOS = YES_AGGRESSIVE;
				GCC_WARN_UNUSED_FUNCTION = YES;
				GCC_WARN_UNUSED_VARIABLE = YES;
				IPHONEOS_DEPLOYMENT_TARGET = 8.0;
				MTL_ENABLE_DEBUG_INFO = YES;
				ONLY_ACTIVE_ARCH = YES;
				SDKROOT = iphoneos;
			};
			name = Debug;
		};
		656AFD3719897A1A000FBF37 /* Release */ = {
			isa = XCBuildConfiguration;
			buildSettings = {
				ALWAYS_SEARCH_USER_PATHS = NO;
				CLANG_CXX_LANGUAGE_STANDARD = "gnu++0x";
				CLANG_CXX_LIBRARY = "libc++";
				CLANG_ENABLE_MODULES = YES;
				CLANG_ENABLE_OBJC_ARC = YES;
				CLANG_WARN_BOOL_CONVERSION = YES;
				CLANG_WARN_CONSTANT_CONVERSION = YES;
				CLANG_WARN_DIRECT_OBJC_ISA_USAGE = YES_ERROR;
				CLANG_WARN_EMPTY_BODY = YES;
				CLANG_WARN_ENUM_CONVERSION = YES;
				CLANG_WARN_INT_CONVERSION = YES;
				CLANG_WARN_OBJC_ROOT_CLASS = YES_ERROR;
				CLANG_WARN_UNREACHABLE_CODE = YES;
				CLANG_WARN__DUPLICATE_METHOD_MATCH = YES;
				"CODE_SIGN_IDENTITY[sdk=iphoneos*]" = "iPhone Developer";
				COPY_PHASE_STRIP = YES;
				ENABLE_NS_ASSERTIONS = NO;
				ENABLE_STRICT_OBJC_MSGSEND = YES;
				GCC_C_LANGUAGE_STANDARD = gnu99;
				GCC_WARN_64_TO_32_BIT_CONVERSION = YES;
				GCC_WARN_ABOUT_RETURN_TYPE = YES_ERROR;
				GCC_WARN_UNDECLARED_SELECTOR = YES;
				GCC_WARN_UNINITIALIZED_AUTOS = YES_AGGRESSIVE;
				GCC_WARN_UNUSED_FUNCTION = YES;
				GCC_WARN_UNUSED_VARIABLE = YES;
				IPHONEOS_DEPLOYMENT_TARGET = 8.0;
				MTL_ENABLE_DEBUG_INFO = NO;
				SDKROOT = iphoneos;
				VALIDATE_PRODUCT = YES;
			};
			name = Release;
		};
		656AFD3919897A1A000FBF37 /* Debug */ = {
			isa = XCBuildConfiguration;
			buildSettings = {
				ASSETCATALOG_COMPILER_APPICON_NAME = AppIcon;
				ASSETCATALOG_COMPILER_LAUNCHIMAGE_NAME = LaunchImage;
				CODE_SIGN_IDENTITY = "iPhone Developer";
				INFOPLIST_FILE = "Out of this World/Info.plist";
				LD_RUNPATH_SEARCH_PATHS = "$(inherited) @executable_path/Frameworks";
				PRODUCT_NAME = "$(TARGET_NAME)";
			};
			name = Debug;
		};
		656AFD3A19897A1A000FBF37 /* Release */ = {
			isa = XCBuildConfiguration;
			buildSettings = {
				ASSETCATALOG_COMPILER_APPICON_NAME = AppIcon;
				ASSETCATALOG_COMPILER_LAUNCHIMAGE_NAME = LaunchImage;
				CODE_SIGN_IDENTITY = "iPhone Developer";
				INFOPLIST_FILE = "Out of this World/Info.plist";
				LD_RUNPATH_SEARCH_PATHS = "$(inherited) @executable_path/Frameworks";
				PRODUCT_NAME = "$(TARGET_NAME)";
			};
			name = Release;
		};
		656AFD3C19897A1A000FBF37 /* Debug */ = {
			isa = XCBuildConfiguration;
			buildSettings = {
				BUNDLE_LOADER = "$(BUILT_PRODUCTS_DIR)/Out of this World.app/Out of this World";
				FRAMEWORK_SEARCH_PATHS = (
					"$(SDKROOT)/Developer/Library/Frameworks",
					"$(inherited)",
				);
				GCC_PREPROCESSOR_DEFINITIONS = (
					"DEBUG=1",
					"$(inherited)",
				);
				INFOPLIST_FILE = "Out of this WorldTests/Info.plist";
				LD_RUNPATH_SEARCH_PATHS = "$(inherited) @executable_path/Frameworks @loader_path/Frameworks";
				PRODUCT_NAME = "$(TARGET_NAME)";
				TEST_HOST = "$(BUNDLE_LOADER)";
			};
			name = Debug;
		};
		656AFD3D19897A1A000FBF37 /* Release */ = {
			isa = XCBuildConfiguration;
			buildSettings = {
				BUNDLE_LOADER = "$(BUILT_PRODUCTS_DIR)/Out of this World.app/Out of this World";
				FRAMEWORK_SEARCH_PATHS = (
					"$(SDKROOT)/Developer/Library/Frameworks",
					"$(inherited)",
				);
				INFOPLIST_FILE = "Out of this WorldTests/Info.plist";
				LD_RUNPATH_SEARCH_PATHS = "$(inherited) @executable_path/Frameworks @loader_path/Frameworks";
				PRODUCT_NAME = "$(TARGET_NAME)";
				TEST_HOST = "$(BUNDLE_LOADER)";
			};
			name = Release;
		};
/* End XCBuildConfiguration section */

/* Begin XCConfigurationList section */
		656AFD1019897A19000FBF37 /* Build configuration list for PBXProject "Out of this World" */ = {
			isa = XCConfigurationList;
			buildConfigurations = (
				656AFD3619897A1A000FBF37 /* Debug */,
				656AFD3719897A1A000FBF37 /* Release */,
			);
			defaultConfigurationIsVisible = 0;
			defaultConfigurationName = Release;
		};
		656AFD3819897A1A000FBF37 /* Build configuration list for PBXNativeTarget "Out of this World" */ = {
			isa = XCConfigurationList;
			buildConfigurations = (
				656AFD3919897A1A000FBF37 /* Debug */,
				656AFD3A19897A1A000FBF37 /* Release */,
			);
			defaultConfigurationIsVisible = 0;
			defaultConfigurationName = Release;
		};
		656AFD3B19897A1A000FBF37 /* Build configuration list for PBXNativeTarget "Out of this WorldTests" */ = {
			isa = XCConfigurationList;
			buildConfigurations = (
				656AFD3C19897A1A000FBF37 /* Debug */,
				656AFD3D19897A1A000FBF37 /* Release */,
			);
			defaultConfigurationIsVisible = 0;
			defaultConfigurationName = Release;
		};
/* End XCConfigurationList section */

/* Begin XCVersionGroup section */
		656AFD1F19897A19000FBF37 /* Out_of_this_World.xcdatamodeld */ = {
			isa = XCVersionGroup;
			children = (
				656AFD2019897A19000FBF37 /* Out_of_this_World.xcdatamodel */,
			);
			currentVersion = 656AFD2019897A19000FBF37 /* Out_of_this_World.xcdatamodel */;
			path = Out_of_this_World.xcdatamodeld;
			sourceTree = "<group>";
			versionGroupType = wrapper.xcdatamodel;
		};
/* End XCVersionGroup section */
	};
	rootObject = 656AFD0D19897A19000FBF37 /* Project object */;
}
